// !$*UTF8*$!
{
	archiveVersion = 1;
	classes = {
	};
	objectVersion = 46;
	objects = {

/* Begin PBXBuildFile section */
		31232E331B14B37B007C28E3 /* TodoEverTests.swift in Sources */ = {isa = PBXBuildFile; fileRef = 31232E321B14B37B007C28E3 /* TodoEverTests.swift */; };
		3135A6151B14B65B00BA6689 /* AppDelegate.swift in Sources */ = {isa = PBXBuildFile; fileRef = 3135A6141B14B65B00BA6689 /* AppDelegate.swift */; };
		3135A6181B14B7D400BA6689 /* Images.xcassets in Resources */ = {isa = PBXBuildFile; fileRef = 3135A6171B14B7D400BA6689 /* Images.xcassets */; };
		3135A61C1B14BDDA00BA6689 /* ENSDK.framework in Frameworks */ = {isa = PBXBuildFile; fileRef = 3135A61A1B14BDDA00BA6689 /* ENSDK.framework */; };
		3135A61D1B14BDDA00BA6689 /* ENSDKResources.bundle in Resources */ = {isa = PBXBuildFile; fileRef = 3135A61B1B14BDDA00BA6689 /* ENSDKResources.bundle */; };
		3135A61F1B14BE0B00BA6689 /* MobileCoreServices.framework in Frameworks */ = {isa = PBXBuildFile; fileRef = 3135A61E1B14BE0B00BA6689 /* MobileCoreServices.framework */; };
		3135A6211B14BE1500BA6689 /* libxml2.dylib in Frameworks */ = {isa = PBXBuildFile; fileRef = 3135A6201B14BE1500BA6689 /* libxml2.dylib */; };
		3135A62C1B14D74D00BA6689 /* TDEConfig.swift in Sources */ = {isa = PBXBuildFile; fileRef = 3135A62B1B14D74D00BA6689 /* TDEConfig.swift */; };
		31FAB2B21B1993B200404308 /* TDEListNotesOperation.swift in Sources */ = {isa = PBXBuildFile; fileRef = 31FAB2B11B1993B200404308 /* TDEListNotesOperation.swift */; };
		31FAB2B41B19A09F00404308 /* TDEConcurrentOperation.swift in Sources */ = {isa = PBXBuildFile; fileRef = 31FAB2B31B19A09F00404308 /* TDEConcurrentOperation.swift */; };
		31FAB2B61B19A55900404308 /* TDETaskListViewController.swift in Sources */ = {isa = PBXBuildFile; fileRef = 31FAB2B51B19A55900404308 /* TDETaskListViewController.swift */; };
		31FAB2B81B19CDF900404308 /* TDEGetTodoEverTagOperation.swift in Sources */ = {isa = PBXBuildFile; fileRef = 31FAB2B71B19CDF900404308 /* TDEGetTodoEverTagOperation.swift */; };
		31FAB2BA1B1ABB4600404308 /* TDEGetAllNoteContentsOperation.swift in Sources */ = {isa = PBXBuildFile; fileRef = 31FAB2B91B1ABB4600404308 /* TDEGetAllNoteContentsOperation.swift */; };
		31FAB2BC1B1AEDE300404308 /* TDEGetNoteContentOperation.swift in Sources */ = {isa = PBXBuildFile; fileRef = 31FAB2BB1B1AEDE300404308 /* TDEGetNoteContentOperation.swift */; };
		31FAB2BF1B1AEFD300404308 /* TDEDebugger.swift in Sources */ = {isa = PBXBuildFile; fileRef = 31FAB2BE1B1AEFD300404308 /* TDEDebugger.swift */; };
		31FAB2C11B1B051A00404308 /* TDENote.swift in Sources */ = {isa = PBXBuildFile; fileRef = 31FAB2C01B1B051A00404308 /* TDENote.swift */; };
		31FAB2C31B1B799100404308 /* TDETask.swift in Sources */ = {isa = PBXBuildFile; fileRef = 31FAB2C21B1B799100404308 /* TDETask.swift */; };
		40AEF7751B157258004DEE74 /* TDEModelManager.swift in Sources */ = {isa = PBXBuildFile; fileRef = 40AEF7741B157258004DEE74 /* TDEModelManager.swift */; };
		40AEF7781B157355004DEE74 /* SigninViewController.storyboard in Resources */ = {isa = PBXBuildFile; fileRef = 40AEF7771B157355004DEE74 /* SigninViewController.storyboard */; };
		40AEF77B1B15744F004DEE74 /* TDESigninViewController.swift in Sources */ = {isa = PBXBuildFile; fileRef = 40AEF77A1B15744F004DEE74 /* TDESigninViewController.swift */; };
		40AEF77E1B157569004DEE74 /* TDEEvernoteController.swift in Sources */ = {isa = PBXBuildFile; fileRef = 40AEF77D1B157569004DEE74 /* TDEEvernoteController.swift */; };
		40AEF7811B157695004DEE74 /* TDENotification.swift in Sources */ = {isa = PBXBuildFile; fileRef = 40AEF7801B157695004DEE74 /* TDENotification.swift */; };
		40AEF7831B1576F9004DEE74 /* IndexViewController.storyboard in Resources */ = {isa = PBXBuildFile; fileRef = 40AEF7821B1576F9004DEE74 /* IndexViewController.storyboard */; };
		40AEF7851B15771B004DEE74 /* TDEIndexViewController.swift in Sources */ = {isa = PBXBuildFile; fileRef = 40AEF7841B15771B004DEE74 /* TDEIndexViewController.swift */; };
		52A00FFB0345E140594CA189 /* Pods.framework in Frameworks */ = {isa = PBXBuildFile; fileRef = 4AEFDCA57A59E6ED30FDA657 /* Pods.framework */; settings = {ATTRIBUTES = (Weak, ); }; };
/* End PBXBuildFile section */

/* Begin PBXContainerItemProxy section */
		31232E2D1B14B37B007C28E3 /* PBXContainerItemProxy */ = {
			isa = PBXContainerItemProxy;
			containerPortal = 31232E0F1B14B37B007C28E3 /* Project object */;
			proxyType = 1;
			remoteGlobalIDString = 31232E161B14B37B007C28E3;
			remoteInfo = TodoEver;
		};
/* End PBXContainerItemProxy section */

/* Begin PBXFileReference section */
		31232E171B14B37B007C28E3 /* TodoEver.app */ = {isa = PBXFileReference; explicitFileType = wrapper.application; includeInIndex = 0; path = TodoEver.app; sourceTree = BUILT_PRODUCTS_DIR; };
		31232E1B1B14B37B007C28E3 /* Info.plist */ = {isa = PBXFileReference; lastKnownFileType = text.plist.xml; path = Info.plist; sourceTree = "<group>"; };
		31232E2C1B14B37B007C28E3 /* TodoEverTests.xctest */ = {isa = PBXFileReference; explicitFileType = wrapper.cfbundle; includeInIndex = 0; path = TodoEverTests.xctest; sourceTree = BUILT_PRODUCTS_DIR; };
		31232E311B14B37B007C28E3 /* Info.plist */ = {isa = PBXFileReference; lastKnownFileType = text.plist.xml; path = Info.plist; sourceTree = "<group>"; };
		31232E321B14B37B007C28E3 /* TodoEverTests.swift */ = {isa = PBXFileReference; lastKnownFileType = sourcecode.swift; path = TodoEverTests.swift; sourceTree = "<group>"; };
		3135A6141B14B65B00BA6689 /* AppDelegate.swift */ = {isa = PBXFileReference; fileEncoding = 4; lastKnownFileType = sourcecode.swift; name = AppDelegate.swift; path = Classes/AppDelegate.swift; sourceTree = "<group>"; };
		3135A6171B14B7D400BA6689 /* Images.xcassets */ = {isa = PBXFileReference; lastKnownFileType = folder.assetcatalog; name = Images.xcassets; path = Resources/Images.xcassets; sourceTree = "<group>"; };
		3135A61A1B14BDDA00BA6689 /* ENSDK.framework */ = {isa = PBXFileReference; lastKnownFileType = wrapper.framework; name = ENSDK.framework; path = Frameworks/ENSDK.framework; sourceTree = "<group>"; };
		3135A61B1B14BDDA00BA6689 /* ENSDKResources.bundle */ = {isa = PBXFileReference; lastKnownFileType = "wrapper.plug-in"; name = ENSDKResources.bundle; path = Frameworks/ENSDKResources.bundle; sourceTree = "<group>"; };
		3135A61E1B14BE0B00BA6689 /* MobileCoreServices.framework */ = {isa = PBXFileReference; lastKnownFileType = wrapper.framework; name = MobileCoreServices.framework; path = System/Library/Frameworks/MobileCoreServices.framework; sourceTree = SDKROOT; };
		3135A6201B14BE1500BA6689 /* libxml2.dylib */ = {isa = PBXFileReference; lastKnownFileType = "compiled.mach-o.dylib"; name = libxml2.dylib; path = usr/lib/libxml2.dylib; sourceTree = SDKROOT; };
		3135A6231B14BF7E00BA6689 /* TDE-Bridge-Header.h */ = {isa = PBXFileReference; lastKnownFileType = sourcecode.c.h; name = "TDE-Bridge-Header.h"; path = "Classes/Bridge/TDE-Bridge-Header.h"; sourceTree = "<group>"; };
		3135A62B1B14D74D00BA6689 /* TDEConfig.swift */ = {isa = PBXFileReference; fileEncoding = 4; lastKnownFileType = sourcecode.swift; name = TDEConfig.swift; path = Classes/Config/TDEConfig.swift; sourceTree = "<group>"; };
		31FAB2B11B1993B200404308 /* TDEListNotesOperation.swift */ = {isa = PBXFileReference; fileEncoding = 4; lastKnownFileType = sourcecode.swift; name = TDEListNotesOperation.swift; path = Classes/Operation/TDEListNotesOperation.swift; sourceTree = "<group>"; };
		31FAB2B31B19A09F00404308 /* TDEConcurrentOperation.swift */ = {isa = PBXFileReference; fileEncoding = 4; lastKnownFileType = sourcecode.swift; name = TDEConcurrentOperation.swift; path = Classes/Operation/TDEConcurrentOperation.swift; sourceTree = "<group>"; };
		31FAB2B51B19A55900404308 /* TDETaskListViewController.swift */ = {isa = PBXFileReference; fileEncoding = 4; lastKnownFileType = sourcecode.swift; name = TDETaskListViewController.swift; path = Classes/ViewController/TDETaskListViewController.swift; sourceTree = "<group>"; };
		31FAB2B71B19CDF900404308 /* TDEGetTodoEverTagOperation.swift */ = {isa = PBXFileReference; fileEncoding = 4; lastKnownFileType = sourcecode.swift; name = TDEGetTodoEverTagOperation.swift; path = Classes/Operation/TDEGetTodoEverTagOperation.swift; sourceTree = "<group>"; };
		31FAB2B91B1ABB4600404308 /* TDEGetAllNoteContentsOperation.swift */ = {isa = PBXFileReference; fileEncoding = 4; lastKnownFileType = sourcecode.swift; name = TDEGetAllNoteContentsOperation.swift; path = Classes/Operation/TDEGetAllNoteContentsOperation.swift; sourceTree = "<group>"; };
		31FAB2BB1B1AEDE300404308 /* TDEGetNoteContentOperation.swift */ = {isa = PBXFileReference; fileEncoding = 4; lastKnownFileType = sourcecode.swift; name = TDEGetNoteContentOperation.swift; path = Classes/Operation/TDEGetNoteContentOperation.swift; sourceTree = "<group>"; };
		31FAB2BE1B1AEFD300404308 /* TDEDebugger.swift */ = {isa = PBXFileReference; fileEncoding = 4; lastKnownFileType = sourcecode.swift; name = TDEDebugger.swift; path = Classes/Util/TDEDebugger.swift; sourceTree = "<group>"; };
		31FAB2C01B1B051A00404308 /* TDENote.swift */ = {isa = PBXFileReference; fileEncoding = 4; lastKnownFileType = sourcecode.swift; name = TDENote.swift; path = Classes/Model/TDENote.swift; sourceTree = "<group>"; };
		31FAB2C21B1B799100404308 /* TDETask.swift */ = {isa = PBXFileReference; fileEncoding = 4; lastKnownFileType = sourcecode.swift; name = TDETask.swift; path = Classes/Model/TDETask.swift; sourceTree = "<group>"; };
		40AEF7741B157258004DEE74 /* TDEModelManager.swift */ = {isa = PBXFileReference; fileEncoding = 4; lastKnownFileType = sourcecode.swift; name = TDEModelManager.swift; path = Classes/Model/TDEModelManager.swift; sourceTree = "<group>"; };
		40AEF7771B157355004DEE74 /* SigninViewController.storyboard */ = {isa = PBXFileReference; fileEncoding = 4; lastKnownFileType = file.storyboard; name = SigninViewController.storyboard; path = Assets/SigninViewController.storyboard; sourceTree = "<group>"; };
		40AEF77A1B15744F004DEE74 /* TDESigninViewController.swift */ = {isa = PBXFileReference; fileEncoding = 4; lastKnownFileType = sourcecode.swift; name = TDESigninViewController.swift; path = Classes/ViewController/TDESigninViewController.swift; sourceTree = "<group>"; };
		40AEF77D1B157569004DEE74 /* TDEEvernoteController.swift */ = {isa = PBXFileReference; fileEncoding = 4; lastKnownFileType = sourcecode.swift; name = TDEEvernoteController.swift; path = Classes/Controller/TDEEvernoteController.swift; sourceTree = "<group>"; };
		40AEF7801B157695004DEE74 /* TDENotification.swift */ = {isa = PBXFileReference; fileEncoding = 4; lastKnownFileType = sourcecode.swift; name = TDENotification.swift; path = Classes/Notification/TDENotification.swift; sourceTree = "<group>"; };
		40AEF7821B1576F9004DEE74 /* IndexViewController.storyboard */ = {isa = PBXFileReference; fileEncoding = 4; lastKnownFileType = file.storyboard; name = IndexViewController.storyboard; path = Assets/IndexViewController.storyboard; sourceTree = "<group>"; };
		40AEF7841B15771B004DEE74 /* TDEIndexViewController.swift */ = {isa = PBXFileReference; fileEncoding = 4; lastKnownFileType = sourcecode.swift; name = TDEIndexViewController.swift; path = Classes/ViewController/TDEIndexViewController.swift; sourceTree = "<group>"; };
		4AEFDCA57A59E6ED30FDA657 /* Pods.framework */ = {isa = PBXFileReference; explicitFileType = wrapper.framework; includeInIndex = 0; path = Pods.framework; sourceTree = BUILT_PRODUCTS_DIR; };
		4D601358337C79FA12E0024E /* Pods.debug.xcconfig */ = {isa = PBXFileReference; includeInIndex = 1; lastKnownFileType = text.xcconfig; name = Pods.debug.xcconfig; path = "Pods/Target Support Files/Pods/Pods.debug.xcconfig"; sourceTree = "<group>"; };
		E2E3CDF3B274DF0AF5C83D96 /* Pods.release.xcconfig */ = {isa = PBXFileReference; includeInIndex = 1; lastKnownFileType = text.xcconfig; name = Pods.release.xcconfig; path = "Pods/Target Support Files/Pods/Pods.release.xcconfig"; sourceTree = "<group>"; };
/* End PBXFileReference section */

/* Begin PBXFrameworksBuildPhase section */
		31232E141B14B37B007C28E3 /* Frameworks */ = {
			isa = PBXFrameworksBuildPhase;
			buildActionMask = 2147483647;
			files = (
				3135A6211B14BE1500BA6689 /* libxml2.dylib in Frameworks */,
				3135A61F1B14BE0B00BA6689 /* MobileCoreServices.framework in Frameworks */,
				3135A61C1B14BDDA00BA6689 /* ENSDK.framework in Frameworks */,
				52A00FFB0345E140594CA189 /* Pods.framework in Frameworks */,
			);
			runOnlyForDeploymentPostprocessing = 0;
		};
		31232E291B14B37B007C28E3 /* Frameworks */ = {
			isa = PBXFrameworksBuildPhase;
			buildActionMask = 2147483647;
			files = (
			);
			runOnlyForDeploymentPostprocessing = 0;
		};
/* End PBXFrameworksBuildPhase section */

/* Begin PBXGroup section */
		31232E0E1B14B37B007C28E3 = {
			isa = PBXGroup;
			children = (
				31232E191B14B37B007C28E3 /* TodoEver */,
				31232E2F1B14B37B007C28E3 /* TodoEverTests */,
				31232E181B14B37B007C28E3 /* Products */,
				6F0A9402845079A9566D1EDB /* Pods */,
				449B8E8BDB03A35ADDB49A1D /* Frameworks */,
			);
			sourceTree = "<group>";
		};
		31232E181B14B37B007C28E3 /* Products */ = {
			isa = PBXGroup;
			children = (
				31232E171B14B37B007C28E3 /* TodoEver.app */,
				31232E2C1B14B37B007C28E3 /* TodoEverTests.xctest */,
			);
			name = Products;
			sourceTree = "<group>";
		};
		31232E191B14B37B007C28E3 /* TodoEver */ = {
			isa = PBXGroup;
			children = (
				40AEF7761B157324004DEE74 /* Assets */,
				3135A6131B14B65100BA6689 /* Classes */,
				3135A6161B14B7CC00BA6689 /* Resources */,
				3135A6191B14BDCF00BA6689 /* Frameworks */,
				31232E1B1B14B37B007C28E3 /* Info.plist */,
			);
			path = TodoEver;
			sourceTree = "<group>";
		};
		31232E2F1B14B37B007C28E3 /* TodoEverTests */ = {
			isa = PBXGroup;
			children = (
				31232E321B14B37B007C28E3 /* TodoEverTests.swift */,
				31232E301B14B37B007C28E3 /* Supporting Files */,
			);
			path = TodoEverTests;
			sourceTree = "<group>";
		};
		31232E301B14B37B007C28E3 /* Supporting Files */ = {
			isa = PBXGroup;
			children = (
				31232E311B14B37B007C28E3 /* Info.plist */,
			);
			name = "Supporting Files";
			sourceTree = "<group>";
		};
		3135A6131B14B65100BA6689 /* Classes */ = {
			isa = PBXGroup;
			children = (
				3135A6141B14B65B00BA6689 /* AppDelegate.swift */,
				3135A6221B14BF5600BA6689 /* Bridge */,
				3135A6281B14D70F00BA6689 /* Config */,
				40AEF77C1B157551004DEE74 /* Controller */,
				40AEF7731B157242004DEE74 /* Model */,
				40AEF77F1B15767E004DEE74 /* Notification */,
				31FAB2B01B19939100404308 /* Operation */,
				31FAB2BD1B1AEFBF00404308 /* Util */,
				40AEF7791B157437004DEE74 /* ViewController */,
			);
			name = Classes;
			sourceTree = "<group>";
		};
		3135A6161B14B7CC00BA6689 /* Resources */ = {
			isa = PBXGroup;
			children = (
				3135A6171B14B7D400BA6689 /* Images.xcassets */,
			);
			name = Resources;
			sourceTree = "<group>";
		};
		3135A6191B14BDCF00BA6689 /* Frameworks */ = {
			isa = PBXGroup;
			children = (
				3135A6201B14BE1500BA6689 /* libxml2.dylib */,
				3135A61E1B14BE0B00BA6689 /* MobileCoreServices.framework */,
				3135A61A1B14BDDA00BA6689 /* ENSDK.framework */,
				3135A61B1B14BDDA00BA6689 /* ENSDKResources.bundle */,
			);
			name = Frameworks;
			sourceTree = "<group>";
		};
		3135A6221B14BF5600BA6689 /* Bridge */ = {
			isa = PBXGroup;
			children = (
				3135A6231B14BF7E00BA6689 /* TDE-Bridge-Header.h */,
			);
			name = Bridge;
			sourceTree = "<group>";
		};
		3135A6281B14D70F00BA6689 /* Config */ = {
			isa = PBXGroup;
			children = (
				3135A62B1B14D74D00BA6689 /* TDEConfig.swift */,
			);
			name = Config;
			sourceTree = "<group>";
		};
		31FAB2B01B19939100404308 /* Operation */ = {
			isa = PBXGroup;
			children = (
				31FAB2B11B1993B200404308 /* TDEListNotesOperation.swift */,
				31FAB2B31B19A09F00404308 /* TDEConcurrentOperation.swift */,
				31FAB2B71B19CDF900404308 /* TDEGetTodoEverTagOperation.swift */,
				31FAB2B91B1ABB4600404308 /* TDEGetAllNoteContentsOperation.swift */,
				31FAB2BB1B1AEDE300404308 /* TDEGetNoteContentOperation.swift */,
			);
			name = Operation;
			sourceTree = "<group>";
		};
		31FAB2BD1B1AEFBF00404308 /* Util */ = {
			isa = PBXGroup;
			children = (
				31FAB2BE1B1AEFD300404308 /* TDEDebugger.swift */,
			);
			name = Util;
			sourceTree = "<group>";
		};
		40AEF7731B157242004DEE74 /* Model */ = {
			isa = PBXGroup;
			children = (
				40AEF7741B157258004DEE74 /* TDEModelManager.swift */,
				31FAB2C01B1B051A00404308 /* TDENote.swift */,
				31FAB2C21B1B799100404308 /* TDETask.swift */,
			);
			name = Model;
			sourceTree = "<group>";
		};
		40AEF7761B157324004DEE74 /* Assets */ = {
			isa = PBXGroup;
			children = (
				40AEF7771B157355004DEE74 /* SigninViewController.storyboard */,
				40AEF7821B1576F9004DEE74 /* IndexViewController.storyboard */,
			);
			name = Assets;
			sourceTree = "<group>";
		};
		40AEF7791B157437004DEE74 /* ViewController */ = {
			isa = PBXGroup;
			children = (
				40AEF77A1B15744F004DEE74 /* TDESigninViewController.swift */,
				40AEF7841B15771B004DEE74 /* TDEIndexViewController.swift */,
				31FAB2B51B19A55900404308 /* TDETaskListViewController.swift */,
			);
			name = ViewController;
			sourceTree = "<group>";
		};
		40AEF77C1B157551004DEE74 /* Controller */ = {
			isa = PBXGroup;
			children = (
				40AEF77D1B157569004DEE74 /* TDEEvernoteController.swift */,
			);
			name = Controller;
			sourceTree = "<group>";
		};
		40AEF77F1B15767E004DEE74 /* Notification */ = {
			isa = PBXGroup;
			children = (
				40AEF7801B157695004DEE74 /* TDENotification.swift */,
			);
			name = Notification;
			sourceTree = "<group>";
		};
		449B8E8BDB03A35ADDB49A1D /* Frameworks */ = {
			isa = PBXGroup;
			children = (
				4AEFDCA57A59E6ED30FDA657 /* Pods.framework */,
			);
			name = Frameworks;
			sourceTree = "<group>";
		};
		6F0A9402845079A9566D1EDB /* Pods */ = {
			isa = PBXGroup;
			children = (
				4D601358337C79FA12E0024E /* Pods.debug.xcconfig */,
				E2E3CDF3B274DF0AF5C83D96 /* Pods.release.xcconfig */,
			);
			name = Pods;
			sourceTree = "<group>";
		};
/* End PBXGroup section */

/* Begin PBXNativeTarget section */
		31232E161B14B37B007C28E3 /* TodoEver */ = {
			isa = PBXNativeTarget;
			buildConfigurationList = 31232E361B14B37B007C28E3 /* Build configuration list for PBXNativeTarget "TodoEver" */;
			buildPhases = (
				E733AB5AFAD79A484886B43B /* Check Pods Manifest.lock */,
				31232E131B14B37B007C28E3 /* Sources */,
				31232E141B14B37B007C28E3 /* Frameworks */,
				31232E151B14B37B007C28E3 /* Resources */,
				168DF90B9A6AFEB4209445C3 /* Embed Pods Frameworks */,
				49055675E0B1CD18F3CEB9D7 /* Copy Pods Resources */,
			);
			buildRules = (
			);
			dependencies = (
			);
			name = TodoEver;
			productName = TodoEver;
			productReference = 31232E171B14B37B007C28E3 /* TodoEver.app */;
			productType = "com.apple.product-type.application";
		};
		31232E2B1B14B37B007C28E3 /* TodoEverTests */ = {
			isa = PBXNativeTarget;
			buildConfigurationList = 31232E391B14B37B007C28E3 /* Build configuration list for PBXNativeTarget "TodoEverTests" */;
			buildPhases = (
				31232E281B14B37B007C28E3 /* Sources */,
				31232E291B14B37B007C28E3 /* Frameworks */,
				31232E2A1B14B37B007C28E3 /* Resources */,
			);
			buildRules = (
			);
			dependencies = (
				31232E2E1B14B37B007C28E3 /* PBXTargetDependency */,
			);
			name = TodoEverTests;
			productName = TodoEverTests;
			productReference = 31232E2C1B14B37B007C28E3 /* TodoEverTests.xctest */;
			productType = "com.apple.product-type.bundle.unit-test";
		};
/* End PBXNativeTarget section */

/* Begin PBXProject section */
		31232E0F1B14B37B007C28E3 /* Project object */ = {
			isa = PBXProject;
			attributes = {
				LastUpgradeCheck = 0630;
				ORGANIZATIONNAME = envoixapp;
				TargetAttributes = {
					31232E161B14B37B007C28E3 = {
						CreatedOnToolsVersion = 6.3.2;
					};
					31232E2B1B14B37B007C28E3 = {
						CreatedOnToolsVersion = 6.3.2;
						TestTargetID = 31232E161B14B37B007C28E3;
					};
				};
			};
			buildConfigurationList = 31232E121B14B37B007C28E3 /* Build configuration list for PBXProject "TodoEver" */;
			compatibilityVersion = "Xcode 3.2";
			developmentRegion = English;
			hasScannedForEncodings = 0;
			knownRegions = (
				en,
				Base,
			);
			mainGroup = 31232E0E1B14B37B007C28E3;
			productRefGroup = 31232E181B14B37B007C28E3 /* Products */;
			projectDirPath = "";
			projectRoot = "";
			targets = (
				31232E161B14B37B007C28E3 /* TodoEver */,
				31232E2B1B14B37B007C28E3 /* TodoEverTests */,
			);
		};
/* End PBXProject section */

/* Begin PBXResourcesBuildPhase section */
		31232E151B14B37B007C28E3 /* Resources */ = {
			isa = PBXResourcesBuildPhase;
			buildActionMask = 2147483647;
			files = (
				40AEF7831B1576F9004DEE74 /* IndexViewController.storyboard in Resources */,
				40AEF7781B157355004DEE74 /* SigninViewController.storyboard in Resources */,
				3135A6181B14B7D400BA6689 /* Images.xcassets in Resources */,
				3135A61D1B14BDDA00BA6689 /* ENSDKResources.bundle in Resources */,
			);
			runOnlyForDeploymentPostprocessing = 0;
		};
		31232E2A1B14B37B007C28E3 /* Resources */ = {
			isa = PBXResourcesBuildPhase;
			buildActionMask = 2147483647;
			files = (
			);
			runOnlyForDeploymentPostprocessing = 0;
		};
/* End PBXResourcesBuildPhase section */

/* Begin PBXShellScriptBuildPhase section */
		168DF90B9A6AFEB4209445C3 /* Embed Pods Frameworks */ = {
			isa = PBXShellScriptBuildPhase;
			buildActionMask = 2147483647;
			files = (
			);
			inputPaths = (
			);
			name = "Embed Pods Frameworks";
			outputPaths = (
			);
			runOnlyForDeploymentPostprocessing = 0;
			shellPath = /bin/sh;
			shellScript = "\"${SRCROOT}/Pods/Target Support Files/Pods/Pods-frameworks.sh\"\n";
			showEnvVarsInLog = 0;
		};
		49055675E0B1CD18F3CEB9D7 /* Copy Pods Resources */ = {
			isa = PBXShellScriptBuildPhase;
			buildActionMask = 2147483647;
			files = (
			);
			inputPaths = (
			);
			name = "Copy Pods Resources";
			outputPaths = (
			);
			runOnlyForDeploymentPostprocessing = 0;
			shellPath = /bin/sh;
			shellScript = "\"${SRCROOT}/Pods/Target Support Files/Pods/Pods-resources.sh\"\n";
			showEnvVarsInLog = 0;
		};
		E733AB5AFAD79A484886B43B /* Check Pods Manifest.lock */ = {
			isa = PBXShellScriptBuildPhase;
			buildActionMask = 2147483647;
			files = (
			);
			inputPaths = (
			);
			name = "Check Pods Manifest.lock";
			outputPaths = (
			);
			runOnlyForDeploymentPostprocessing = 0;
			shellPath = /bin/sh;
			shellScript = "diff \"${PODS_ROOT}/../Podfile.lock\" \"${PODS_ROOT}/Manifest.lock\" > /dev/null\nif [[ $? != 0 ]] ; then\n    cat << EOM\nerror: The sandbox is not in sync with the Podfile.lock. Run 'pod install' or update your CocoaPods installation.\nEOM\n    exit 1\nfi\n";
			showEnvVarsInLog = 0;
		};
/* End PBXShellScriptBuildPhase section */

/* Begin PBXSourcesBuildPhase section */
		31232E131B14B37B007C28E3 /* Sources */ = {
			isa = PBXSourcesBuildPhase;
			buildActionMask = 2147483647;
			files = (
				31FAB2B81B19CDF900404308 /* TDEGetTodoEverTagOperation.swift in Sources */,
				40AEF77B1B15744F004DEE74 /* TDESigninViewController.swift in Sources */,
				31FAB2BA1B1ABB4600404308 /* TDEGetAllNoteContentsOperation.swift in Sources */,
				31FAB2B21B1993B200404308 /* TDEListNotesOperation.swift in Sources */,
				31FAB2BF1B1AEFD300404308 /* TDEDebugger.swift in Sources */,
				40AEF7751B157258004DEE74 /* TDEModelManager.swift in Sources */,
				3135A6151B14B65B00BA6689 /* AppDelegate.swift in Sources */,
				3135A62C1B14D74D00BA6689 /* TDEConfig.swift in Sources */,
				31FAB2C31B1B799100404308 /* TDETask.swift in Sources */,
				31FAB2C11B1B051A00404308 /* TDENote.swift in Sources */,
				31FAB2B41B19A09F00404308 /* TDEConcurrentOperation.swift in Sources */,
				40AEF7851B15771B004DEE74 /* TDEIndexViewController.swift in Sources */,
				31FAB2B61B19A55900404308 /* TDETaskListViewController.swift in Sources */,
				40AEF7811B157695004DEE74 /* TDENotification.swift in Sources */,
				31FAB2BC1B1AEDE300404308 /* TDEGetNoteContentOperation.swift in Sources */,
				40AEF77E1B157569004DEE74 /* TDEEvernoteController.swift in Sources */,
			);
			runOnlyForDeploymentPostprocessing = 0;
		};
		31232E281B14B37B007C28E3 /* Sources */ = {
			isa = PBXSourcesBuildPhase;
			buildActionMask = 2147483647;
			files = (
				31232E331B14B37B007C28E3 /* TodoEverTests.swift in Sources */,
			);
			runOnlyForDeploymentPostprocessing = 0;
		};
/* End PBXSourcesBuildPhase section */

/* Begin PBXTargetDependency section */
		31232E2E1B14B37B007C28E3 /* PBXTargetDependency */ = {
			isa = PBXTargetDependency;
			target = 31232E161B14B37B007C28E3 /* TodoEver */;
			targetProxy = 31232E2D1B14B37B007C28E3 /* PBXContainerItemProxy */;
		};
/* End PBXTargetDependency section */

/* Begin XCBuildConfiguration section */
		31232E341B14B37B007C28E3 /* Debug */ = {
			isa = XCBuildConfiguration;
			buildSettings = {
				ALWAYS_SEARCH_USER_PATHS = NO;
				CLANG_CXX_LANGUAGE_STANDARD = "gnu++0x";
				CLANG_CXX_LIBRARY = "libc++";
				CLANG_ENABLE_MODULES = YES;
				CLANG_ENABLE_OBJC_ARC = YES;
				CLANG_WARN_BOOL_CONVERSION = YES;
				CLANG_WARN_CONSTANT_CONVERSION = YES;
				CLANG_WARN_DIRECT_OBJC_ISA_USAGE = YES_ERROR;
				CLANG_WARN_EMPTY_BODY = YES;
				CLANG_WARN_ENUM_CONVERSION = YES;
				CLANG_WARN_INT_CONVERSION = YES;
				CLANG_WARN_OBJC_ROOT_CLASS = YES_ERROR;
				CLANG_WARN_UNREACHABLE_CODE = YES;
				CLANG_WARN__DUPLICATE_METHOD_MATCH = YES;
				"CODE_SIGN_IDENTITY[sdk=iphoneos*]" = "iPhone Developer";
				COPY_PHASE_STRIP = NO;
				DEBUG_INFORMATION_FORMAT = "dwarf-with-dsym";
				ENABLE_STRICT_OBJC_MSGSEND = YES;
				GCC_C_LANGUAGE_STANDARD = gnu99;
				GCC_DYNAMIC_NO_PIC = NO;
				GCC_NO_COMMON_BLOCKS = YES;
				GCC_OPTIMIZATION_LEVEL = 0;
				GCC_PREPROCESSOR_DEFINITIONS = (
					"DEBUG=1",
					"$(inherited)",
				);
				GCC_SYMBOLS_PRIVATE_EXTERN = NO;
				GCC_WARN_64_TO_32_BIT_CONVERSION = YES;
				GCC_WARN_ABOUT_RETURN_TYPE = YES_ERROR;
				GCC_WARN_UNDECLARED_SELECTOR = YES;
				GCC_WARN_UNINITIALIZED_AUTOS = YES_AGGRESSIVE;
				GCC_WARN_UNUSED_FUNCTION = YES;
				GCC_WARN_UNUSED_VARIABLE = YES;
				IPHONEOS_DEPLOYMENT_TARGET = 8.3;
				MTL_ENABLE_DEBUG_INFO = YES;
				ONLY_ACTIVE_ARCH = YES;
				SDKROOT = iphoneos;
				SWIFT_OPTIMIZATION_LEVEL = "-Onone";
			};
			name = Debug;
		};
		31232E351B14B37B007C28E3 /* Release */ = {
			isa = XCBuildConfiguration;
			buildSettings = {
				ALWAYS_SEARCH_USER_PATHS = NO;
				CLANG_CXX_LANGUAGE_STANDARD = "gnu++0x";
				CLANG_CXX_LIBRARY = "libc++";
				CLANG_ENABLE_MODULES = YES;
				CLANG_ENABLE_OBJC_ARC = YES;
				CLANG_WARN_BOOL_CONVERSION = YES;
				CLANG_WARN_CONSTANT_CONVERSION = YES;
				CLANG_WARN_DIRECT_OBJC_ISA_USAGE = YES_ERROR;
				CLANG_WARN_EMPTY_BODY = YES;
				CLANG_WARN_ENUM_CONVERSION = YES;
				CLANG_WARN_INT_CONVERSION = YES;
				CLANG_WARN_OBJC_ROOT_CLASS = YES_ERROR;
				CLANG_WARN_UNREACHABLE_CODE = YES;
				CLANG_WARN__DUPLICATE_METHOD_MATCH = YES;
				"CODE_SIGN_IDENTITY[sdk=iphoneos*]" = "iPhone Developer";
				COPY_PHASE_STRIP = NO;
				DEBUG_INFORMATION_FORMAT = "dwarf-with-dsym";
				ENABLE_NS_ASSERTIONS = NO;
				ENABLE_STRICT_OBJC_MSGSEND = YES;
				GCC_C_LANGUAGE_STANDARD = gnu99;
				GCC_NO_COMMON_BLOCKS = YES;
				GCC_WARN_64_TO_32_BIT_CONVERSION = YES;
				GCC_WARN_ABOUT_RETURN_TYPE = YES_ERROR;
				GCC_WARN_UNDECLARED_SELECTOR = YES;
				GCC_WARN_UNINITIALIZED_AUTOS = YES_AGGRESSIVE;
				GCC_WARN_UNUSED_FUNCTION = YES;
				GCC_WARN_UNUSED_VARIABLE = YES;
				IPHONEOS_DEPLOYMENT_TARGET = 8.3;
				MTL_ENABLE_DEBUG_INFO = NO;
				SDKROOT = iphoneos;
				VALIDATE_PRODUCT = YES;
			};
			name = Release;
		};
		31232E371B14B37B007C28E3 /* Debug */ = {
			isa = XCBuildConfiguration;
			baseConfigurationReference = 4D601358337C79FA12E0024E /* Pods.debug.xcconfig */;
			buildSettings = {
				ASSETCATALOG_COMPILER_APPICON_NAME = AppIcon;
				FRAMEWORK_SEARCH_PATHS = (
					"$(inherited)",
					"$(PROJECT_DIR)/TodoEver/Frameworks",
				);
				INFOPLIST_FILE = TodoEver/Info.plist;
				LD_RUNPATH_SEARCH_PATHS = "$(inherited) @executable_path/Frameworks";
				PRODUCT_NAME = "$(TARGET_NAME)";
				SWIFT_OBJC_BRIDGING_HEADER = "./TodoEver/Classes/Bridge/TDE-Bridge-Header.h";
			};
			name = Debug;
		};
		31232E381B14B37B007C28E3 /* Release */ = {
			isa = XCBuildConfiguration;
			baseConfigurationReference = E2E3CDF3B274DF0AF5C83D96 /* Pods.release.xcconfig */;
			buildSettings = {
				ASSETCATALOG_COMPILER_APPICON_NAME = AppIcon;
				FRAMEWORK_SEARCH_PATHS = (
					"$(inherited)",
					"$(PROJECT_DIR)/TodoEver/Frameworks",
				);
				INFOPLIST_FILE = TodoEver/Info.plist;
				LD_RUNPATH_SEARCH_PATHS = "$(inherited) @executable_path/Frameworks";
				PRODUCT_NAME = "$(TARGET_NAME)";
				SWIFT_OBJC_BRIDGING_HEADER = "./TodoEver/Classes/Bridge/TDE-Bridge-Header.h";
			};
			name = Release;
		};
		31232E3A1B14B37B007C28E3 /* Debug */ = {
			isa = XCBuildConfiguration;
			buildSettings = {
				BUNDLE_LOADER = "$(TEST_HOST)";
				FRAMEWORK_SEARCH_PATHS = (
					"$(SDKROOT)/Developer/Library/Frameworks",
					"$(inherited)",
				);
				GCC_PREPROCESSOR_DEFINITIONS = (
					"DEBUG=1",
					"$(inherited)",
				);
				INFOPLIST_FILE = TodoEverTests/Info.plist;
				LD_RUNPATH_SEARCH_PATHS = "$(inherited) @executable_path/Frameworks @loader_path/Frameworks";
				PRODUCT_NAME = "$(TARGET_NAME)";
				TEST_HOST = "$(BUILT_PRODUCTS_DIR)/TodoEver.app/TodoEver";
			};
			name = Debug;
		};
		31232E3B1B14B37B007C28E3 /* Release */ = {
			isa = XCBuildConfiguration;
			buildSettings = {
				BUNDLE_LOADER = "$(TEST_HOST)";
				FRAMEWORK_SEARCH_PATHS = (
					"$(SDKROOT)/Developer/Library/Frameworks",
					"$(inherited)",
				);
				INFOPLIST_FILE = TodoEverTests/Info.plist;
				LD_RUNPATH_SEARCH_PATHS = "$(inherited) @executable_path/Frameworks @loader_path/Frameworks";
				PRODUCT_NAME = "$(TARGET_NAME)";
				TEST_HOST = "$(BUILT_PRODUCTS_DIR)/TodoEver.app/TodoEver";
			};
			name = Release;
		};
/* End XCBuildConfiguration section */

/* Begin XCConfigurationList section */
		31232E121B14B37B007C28E3 /* Build configuration list for PBXProject "TodoEver" */ = {
			isa = XCConfigurationList;
			buildConfigurations = (
				31232E341B14B37B007C28E3 /* Debug */,
				31232E351B14B37B007C28E3 /* Release */,
			);
			defaultConfigurationIsVisible = 0;
			defaultConfigurationName = Release;
		};
		31232E361B14B37B007C28E3 /* Build configuration list for PBXNativeTarget "TodoEver" */ = {
			isa = XCConfigurationList;
			buildConfigurations = (
				31232E371B14B37B007C28E3 /* Debug */,
				31232E381B14B37B007C28E3 /* Release */,
			);
			defaultConfigurationIsVisible = 0;
			defaultConfigurationName = Release;
		};
		31232E391B14B37B007C28E3 /* Build configuration list for PBXNativeTarget "TodoEverTests" */ = {
			isa = XCConfigurationList;
			buildConfigurations = (
				31232E3A1B14B37B007C28E3 /* Debug */,
				31232E3B1B14B37B007C28E3 /* Release */,
			);
			defaultConfigurationIsVisible = 0;
			defaultConfigurationName = Release;
		};
/* End XCConfigurationList section */
	};
	rootObject = 31232E0F1B14B37B007C28E3 /* Project object */;
}
